Microsoft Visual Studio Solution File, Format Version 12.00
# Visual Studio Version 17
VisualStudioVersion = 17.5.2.0
MinimumVisualStudioVersion = 10.0.40219.1
Project("{FAE04EC0-301F-11D3-BF4B-00C04F79EFBC}") = "HomeBook.Frontend.UI", "HomeBook.Frontend.UI.csproj", "{42B63EED-2F76-8510-7E1A-6EED8B968BC4}"
EndProject
Global
	GlobalSection(SolutionConfigurationPlatforms) = preSolution
		Debug|Any CPU = Debug|Any CPU
		Release|Any CPU = Release|Any CPU
	EndGlobalSection
	GlobalSection(ProjectConfigurationPlatforms) = postSolution
		{42B63EED-2F76-8510-7E1A-6EED8B968BC4}.Debug|Any CPU.ActiveCfg = Debug|Any CPU
		{42B63EED-2F76-8510-7E1A-6EED8B968BC4}.Debug|Any CPU.Build.0 = Debug|Any CPU
		{42B63EED-2F76-8510-7E1A-6EED8B968BC4}.Release|Any CPU.ActiveCfg = Release|Any CPU
		{42B63EED-2F76-8510-7E1A-6EED8B968BC4}.Release|Any CPU.Build.0 = Release|Any CPU
	EndGlobalSection
	GlobalSection(SolutionProperties) = preSolution
		HideSolutionNode = FALSE
	EndGlobalSection
	GlobalSection(ExtensibilityGlobals) = postSolution
		SolutionGuid = {6CFBB18C-7A6F-4F40-AB82-6AE6DC62852F}
	EndGlobalSection
EndGlobal
